
Microsoft Visual Studio Solution File, Format Version 12.00
# Visual Studio Version 16
VisualStudioVersion = 16.0.33214.272
MinimumVisualStudioVersion = 10.0.40219.1
Project("{8BC9CEB8-8B4A-11D0-8D11-00A0C91BC942}") = "asmPractice", "asmPractice.vcxproj", "{95608F00-E50F-4E4E-BF3F-37A42FDC5FA7}"
EndProject
Global
	GlobalSection(SolutionConfigurationPlatforms) = preSolution
		Debug|x64 = Debug|x64
		Debug|x86 = Debug|x86
		Release|x64 = Release|x64
		Release|x86 = Release|x86
	EndGlobalSection
	GlobalSection(ProjectConfigurationPlatforms) = postSolution
		{95608F00-E50F-4E4E-BF3F-37A42FDC5FA7}.Debug|x64.ActiveCfg = Debug|x64
		{95608F00-E50F-4E4E-BF3F-37A42FDC5FA7}.Debug|x64.Build.0 = Debug|x64
		{95608F00-E50F-4E4E-BF3F-37A42FDC5FA7}.Debug|x86.ActiveCfg = Debug|Win32
		{95608F00-E50F-4E4E-BF3F-37A42FDC5FA7}.Debug|x86.Build.0 = Debug|Win32
		{95608F00-E50F-4E4E-BF3F-37A42FDC5FA7}.Release|x64.ActiveCfg = Release|x64
		{95608F00-E50F-4E4E-BF3F-37A42FDC5FA7}.Release|x64.Build.0 = Release|x64
		{95608F00-E50F-4E4E-BF3F-37A42FDC5FA7}.Release|x86.ActiveCfg = Release|Win32
		{95608F00-E50F-4E4E-BF3F-37A42FDC5FA7}.Release|x86.Build.0 = Release|Win32
	EndGlobalSection
	GlobalSection(SolutionProperties) = preSolution
		HideSolutionNode = FALSE
	EndGlobalSection
	GlobalSection(ExtensibilityGlobals) = postSolution
		SolutionGuid = {7ACAF672-F4FE-49AE-A478-3406EBEE0B7D}
	EndGlobalSection
EndGlobal
